
Microsoft Visual Studio Solution File, Format Version 12.00
# Visual Studio Version 17
VisualStudioVersion = 17.14.36414.22 d17.14
MinimumVisualStudioVersion = 10.0.40219.1
Project("{FAE04EC0-301F-11D3-BF4B-00C04F79EFBC}") = "12_2025-26", "12_2025-26\12_2025-26.csproj", "{64AFB9FB-3AA9-4B86-BE0A-4F8727C8958D}"
EndProject
Global
	GlobalSection(SolutionConfigurationPlatforms) = preSolution
		Debug|Any CPU = Debug|Any CPU
		Release|Any CPU = Release|Any CPU
	EndGlobalSection
	GlobalSection(ProjectConfigurationPlatforms) = postSolution
		{64AFB9FB-3AA9-4B86-BE0A-4F8727C8958D}.Debug|Any CPU.ActiveCfg = Debug|Any CPU
		{64AFB9FB-3AA9-4B86-BE0A-4F8727C8958D}.Debug|Any CPU.Build.0 = Debug|Any CPU
		{64AFB9FB-3AA9-4B86-BE0A-4F8727C8958D}.Release|Any CPU.ActiveCfg = Release|Any CPU
		{64AFB9FB-3AA9-4B86-BE0A-4F8727C8958D}.Release|Any CPU.Build.0 = Release|Any CPU
	EndGlobalSection
	GlobalSection(SolutionProperties) = preSolution
		HideSolutionNode = FALSE
	EndGlobalSection
	GlobalSection(ExtensibilityGlobals) = postSolution
		SolutionGuid = {54673B4D-E603-4EFA-94C7-68F363C555B5}
	EndGlobalSection
EndGlobal
